
Microsoft Visual Studio Solution File, Format Version 12.00
# Visual Studio Version 17
VisualStudioVersion = 17.1.32210.238
MinimumVisualStudioVersion = 10.0.40219.1
Project("{FAE04EC0-301F-11D3-BF4B-00C04F79EFBC}") = "ConsoleApp1", "ConsoleApp1\ConsoleApp1.csproj", "{32CBE9E1-11F7-46D4-B07B-13213E355CA8}"
EndProject
Global
	GlobalSection(SolutionConfigurationPlatforms) = preSolution
		Debug|Any CPU = Debug|Any CPU
		Release|Any CPU = Release|Any CPU
	EndGlobalSection
	GlobalSection(ProjectConfigurationPlatforms) = postSolution
		{32CBE9E1-11F7-46D4-B07B-13213E355CA8}.Debug|Any CPU.ActiveCfg = Debug|Any CPU
		{32CBE9E1-11F7-46D4-B07B-13213E355CA8}.Debug|Any CPU.Build.0 = Debug|Any CPU
		{32CBE9E1-11F7-46D4-B07B-13213E355CA8}.Release|Any CPU.ActiveCfg = Release|Any CPU
		{32CBE9E1-11F7-46D4-B07B-13213E355CA8}.Release|Any CPU.Build.0 = Release|Any CPU
	EndGlobalSection
	GlobalSection(SolutionProperties) = preSolution
		HideSolutionNode = FALSE
	EndGlobalSection
	GlobalSection(ExtensibilityGlobals) = postSolution
		SolutionGuid = {27A8FAE3-FAEB-418D-BED1-A57DBA4CCD3C}
	EndGlobalSection
EndGlobal
